
Microsoft Visual Studio Solution File, Format Version 12.00
# Visual Studio Version 17
VisualStudioVersion = 17.6.33815.320
MinimumVisualStudioVersion = 10.0.40219.1
Project("{FAE04EC0-301F-11D3-BF4B-00C04F79EFBC}") = "TaskManager", "TaskManager.csproj", "{03DE805A-0AA6-4D17-95BB-42A2DDC2F8E1}"
EndProject
Global
	GlobalSection(SolutionConfigurationPlatforms) = preSolution
		Debug|Any CPU = Debug|Any CPU
		Release|Any CPU = Release|Any CPU
	EndGlobalSection
	GlobalSection(ProjectConfigurationPlatforms) = postSolution
		{03DE805A-0AA6-4D17-95BB-42A2DDC2F8E1}.Debug|Any CPU.ActiveCfg = Debug|Any CPU
		{03DE805A-0AA6-4D17-95BB-42A2DDC2F8E1}.Debug|Any CPU.Build.0 = Debug|Any CPU
		{03DE805A-0AA6-4D17-95BB-42A2DDC2F8E1}.Release|Any CPU.ActiveCfg = Release|Any CPU
		{03DE805A-0AA6-4D17-95BB-42A2DDC2F8E1}.Release|Any CPU.Build.0 = Release|Any CPU
	EndGlobalSection
	GlobalSection(SolutionProperties) = preSolution
		HideSolutionNode = FALSE
	EndGlobalSection
	GlobalSection(ExtensibilityGlobals) = postSolution
		SolutionGuid = {D9321D28-DB6B-4D4E-BECC-170663C0B4F0}
	EndGlobalSection
EndGlobal
